
Microsoft Visual Studio Solution File, Format Version 12.00
# Visual Studio Version 17
VisualStudioVersion = 17.1.32113.165
MinimumVisualStudioVersion = 10.0.40219.1
Project("{9A19103F-16F7-4668-BE54-9A1E7A4F7556}") = "KbinXml.Net", "KbinXml.Net\KbinXml.Net.csproj", "{6FC1F4D2-F6B2-4ABE-866E-C4915EB271D3}"
EndProject
Project("{2150E333-8FDC-42A3-9474-1A3956D46DE8}") = "Benchmarks", "Benchmarks", "{E22A17F6-C130-40B0-89A1-99E3D67DBC78}"
EndProject
Project("{9A19103F-16F7-4668-BE54-9A1E7A4F7556}") = "ReadBenchmark", "Benchmarks\ReadBenchmark\ReadBenchmark.csproj", "{01F81CEF-7E95-4B59-9622-FB398DA5710F}"
EndProject
Project("{9A19103F-16F7-4668-BE54-9A1E7A4F7556}") = "ListBenchmark", "Benchmarks\ListBenchmark\ListBenchmark.csproj", "{B66990E3-310D-494D-8202-2BD97CE598E7}"
EndProject
Project("{9A19103F-16F7-4668-BE54-9A1E7A4F7556}") = "WriteBenchmark", "Benchmarks\WriteBenchmark\WriteBenchmark.csproj", "{B8C46AF9-32EF-407D-81B1-5CD86A59AEC5}"
EndProject
Project("{2150E333-8FDC-42A3-9474-1A3956D46DE8}") = "Tests", "Tests", "{0832D5CD-AFD9-440D-8925-29142DD9166C}"
EndProject
Project("{9A19103F-16F7-4668-BE54-9A1E7A4F7556}") = "ManualTests", "Tests\ManualTests\ManualTests.csproj", "{7A17B69D-18AE-4CAD-AE0C-560F3DAF83AB}"
EndProject
Project("{2150E333-8FDC-42A3-9474-1A3956D46DE8}") = "_dependencies", "_dependencies", "{AC32AAE2-F696-460F-AAC4-CEB082FC760A}"
EndProject
Project("{9A19103F-16F7-4668-BE54-9A1E7A4F7556}") = "kbinxmlcs", "..\dependencies\kbinxmlcs\kbinxmlcs\kbinxmlcs.csproj", "{73D31F40-FDF1-41EF-BBC6-646855297E80}"
EndProject
Project("{9A19103F-16F7-4668-BE54-9A1E7A4F7556}") = "KBinXML", "..\dependencies\KBinXML\KBinXML\KBinXML.csproj", "{4FE97B73-6A79-4BF7-89BD-60D9ADBAE853}"
EndProject
Project("{9A19103F-16F7-4668-BE54-9A1E7A4F7556}") = "GeneralUnitTests", "Tests\GeneralUnitTests\GeneralUnitTests.csproj", "{9AE3341B-952B-49BC-9474-3D5EE9A35885}"
EndProject
Project("{FAE04EC0-301F-11D3-BF4B-00C04F79EFBC}") = "RepairBenchmark", "Benchmarks\RepairBenchmark\RepairBenchmark.csproj", "{F1A9BC32-0E2F-43D6-8F24-320849F72B86}"
EndProject
Project("{FAE04EC0-301F-11D3-BF4B-00C04F79EFBC}") = "SixbitBenchmark", "Benchmarks\SixbitBenchmark\SixbitBenchmark.csproj", "{CBD5FB95-C755-4D12-9E51-FD0FA45A8FB7}"
EndProject
Global
	GlobalSection(SolutionConfigurationPlatforms) = preSolution
		Debug|Any CPU = Debug|Any CPU
		Release|Any CPU = Release|Any CPU
	EndGlobalSection
	GlobalSection(ProjectConfigurationPlatforms) = postSolution
		{6FC1F4D2-F6B2-4ABE-866E-C4915EB271D3}.Debug|Any CPU.ActiveCfg = Debug|Any CPU
		{6FC1F4D2-F6B2-4ABE-866E-C4915EB271D3}.Debug|Any CPU.Build.0 = Debug|Any CPU
		{6FC1F4D2-F6B2-4ABE-866E-C4915EB271D3}.Release|Any CPU.ActiveCfg = Release|Any CPU
		{6FC1F4D2-F6B2-4ABE-866E-C4915EB271D3}.Release|Any CPU.Build.0 = Release|Any CPU
		{01F81CEF-7E95-4B59-9622-FB398DA5710F}.Debug|Any CPU.ActiveCfg = Debug|Any CPU
		{01F81CEF-7E95-4B59-9622-FB398DA5710F}.Debug|Any CPU.Build.0 = Debug|Any CPU
		{01F81CEF-7E95-4B59-9622-FB398DA5710F}.Release|Any CPU.ActiveCfg = Release|Any CPU
		{01F81CEF-7E95-4B59-9622-FB398DA5710F}.Release|Any CPU.Build.0 = Release|Any CPU
		{B66990E3-310D-494D-8202-2BD97CE598E7}.Debug|Any CPU.ActiveCfg = Debug|Any CPU
		{B66990E3-310D-494D-8202-2BD97CE598E7}.Debug|Any CPU.Build.0 = Debug|Any CPU
		{B66990E3-310D-494D-8202-2BD97CE598E7}.Release|Any CPU.ActiveCfg = Release|Any CPU
		{B66990E3-310D-494D-8202-2BD97CE598E7}.Release|Any CPU.Build.0 = Release|Any CPU
		{B8C46AF9-32EF-407D-81B1-5CD86A59AEC5}.Debug|Any CPU.ActiveCfg = Debug|Any CPU
		{B8C46AF9-32EF-407D-81B1-5CD86A59AEC5}.Debug|Any CPU.Build.0 = Debug|Any CPU
		{B8C46AF9-32EF-407D-81B1-5CD86A59AEC5}.Release|Any CPU.ActiveCfg = Release|Any CPU
		{B8C46AF9-32EF-407D-81B1-5CD86A59AEC5}.Release|Any CPU.Build.0 = Release|Any CPU
		{7A17B69D-18AE-4CAD-AE0C-560F3DAF83AB}.Debug|Any CPU.ActiveCfg = Debug|Any CPU
		{7A17B69D-18AE-4CAD-AE0C-560F3DAF83AB}.Debug|Any CPU.Build.0 = Debug|Any CPU
		{7A17B69D-18AE-4CAD-AE0C-560F3DAF83AB}.Release|Any CPU.ActiveCfg = Release|Any CPU
		{7A17B69D-18AE-4CAD-AE0C-560F3DAF83AB}.Release|Any CPU.Build.0 = Release|Any CPU
		{73D31F40-FDF1-41EF-BBC6-646855297E80}.Debug|Any CPU.ActiveCfg = Debug|Any CPU
		{73D31F40-FDF1-41EF-BBC6-646855297E80}.Debug|Any CPU.Build.0 = Debug|Any CPU
		{73D31F40-FDF1-41EF-BBC6-646855297E80}.Release|Any CPU.ActiveCfg = Release|Any CPU
		{73D31F40-FDF1-41EF-BBC6-646855297E80}.Release|Any CPU.Build.0 = Release|Any CPU
		{4FE97B73-6A79-4BF7-89BD-60D9ADBAE853}.Debug|Any CPU.ActiveCfg = Debug|Any CPU
		{4FE97B73-6A79-4BF7-89BD-60D9ADBAE853}.Debug|Any CPU.Build.0 = Debug|Any CPU
		{4FE97B73-6A79-4BF7-89BD-60D9ADBAE853}.Release|Any CPU.ActiveCfg = Release|Any CPU
		{4FE97B73-6A79-4BF7-89BD-60D9ADBAE853}.Release|Any CPU.Build.0 = Release|Any CPU
		{9AE3341B-952B-49BC-9474-3D5EE9A35885}.Debug|Any CPU.ActiveCfg = Debug|Any CPU
		{9AE3341B-952B-49BC-9474-3D5EE9A35885}.Debug|Any CPU.Build.0 = Debug|Any CPU
		{9AE3341B-952B-49BC-9474-3D5EE9A35885}.Release|Any CPU.ActiveCfg = Release|Any CPU
		{9AE3341B-952B-49BC-9474-3D5EE9A35885}.Release|Any CPU.Build.0 = Release|Any CPU
		{F1A9BC32-0E2F-43D6-8F24-320849F72B86}.Debug|Any CPU.ActiveCfg = Debug|Any CPU
		{F1A9BC32-0E2F-43D6-8F24-320849F72B86}.Debug|Any CPU.Build.0 = Debug|Any CPU
		{F1A9BC32-0E2F-43D6-8F24-320849F72B86}.Release|Any CPU.ActiveCfg = Release|Any CPU
		{F1A9BC32-0E2F-43D6-8F24-320849F72B86}.Release|Any CPU.Build.0 = Release|Any CPU
		{CBD5FB95-C755-4D12-9E51-FD0FA45A8FB7}.Debug|Any CPU.ActiveCfg = Debug|Any CPU
		{CBD5FB95-C755-4D12-9E51-FD0FA45A8FB7}.Debug|Any CPU.Build.0 = Debug|Any CPU
		{CBD5FB95-C755-4D12-9E51-FD0FA45A8FB7}.Release|Any CPU.ActiveCfg = Release|Any CPU
		{CBD5FB95-C755-4D12-9E51-FD0FA45A8FB7}.Release|Any CPU.Build.0 = Release|Any CPU
	EndGlobalSection
	GlobalSection(SolutionProperties) = preSolution
		HideSolutionNode = FALSE
	EndGlobalSection
	GlobalSection(NestedProjects) = preSolution
		{01F81CEF-7E95-4B59-9622-FB398DA5710F} = {E22A17F6-C130-40B0-89A1-99E3D67DBC78}
		{B66990E3-310D-494D-8202-2BD97CE598E7} = {E22A17F6-C130-40B0-89A1-99E3D67DBC78}
		{B8C46AF9-32EF-407D-81B1-5CD86A59AEC5} = {E22A17F6-C130-40B0-89A1-99E3D67DBC78}
		{7A17B69D-18AE-4CAD-AE0C-560F3DAF83AB} = {0832D5CD-AFD9-440D-8925-29142DD9166C}
		{73D31F40-FDF1-41EF-BBC6-646855297E80} = {AC32AAE2-F696-460F-AAC4-CEB082FC760A}
		{4FE97B73-6A79-4BF7-89BD-60D9ADBAE853} = {AC32AAE2-F696-460F-AAC4-CEB082FC760A}
		{9AE3341B-952B-49BC-9474-3D5EE9A35885} = {0832D5CD-AFD9-440D-8925-29142DD9166C}
		{F1A9BC32-0E2F-43D6-8F24-320849F72B86} = {E22A17F6-C130-40B0-89A1-99E3D67DBC78}
		{CBD5FB95-C755-4D12-9E51-FD0FA45A8FB7} = {E22A17F6-C130-40B0-89A1-99E3D67DBC78}
	EndGlobalSection
	GlobalSection(ExtensibilityGlobals) = postSolution
		SolutionGuid = {E1113C82-4EE9-4805-A9F1-26E8E8950B58}
	EndGlobalSection
EndGlobal
